
Microsoft Visual Studio Solution File, Format Version 12.00
# Visual Studio 15
VisualStudioVersion = 15.0.28010.2026
MinimumVisualStudioVersion = 10.0.40219.1
Project("{8BC9CEB8-8B4A-11D0-8D11-00A0C91BC942}") = "ComputerGraphic", "ComputerGraphic\ComputerGraphic.vcxproj", "{6C43FA12-A585-4743-80A4-FA52F6AB7852}"
EndProject
Global
	GlobalSection(SolutionConfigurationPlatforms) = preSolution
		Debug|x64 = Debug|x64
		Debug|x86 = Debug|x86
		Release|x64 = Release|x64
		Release|x86 = Release|x86
	EndGlobalSection
	GlobalSection(ProjectConfigurationPlatforms) = postSolution
		{6C43FA12-A585-4743-80A4-FA52F6AB7852}.Debug|x64.ActiveCfg = Debug|x64
		{6C43FA12-A585-4743-80A4-FA52F6AB7852}.Debug|x64.Build.0 = Debug|x64
		{6C43FA12-A585-4743-80A4-FA52F6AB7852}.Debug|x86.ActiveCfg = Debug|Win32
		{6C43FA12-A585-4743-80A4-FA52F6AB7852}.Debug|x86.Build.0 = Debug|Win32
		{6C43FA12-A585-4743-80A4-FA52F6AB7852}.Release|x64.ActiveCfg = Release|x64
		{6C43FA12-A585-4743-80A4-FA52F6AB7852}.Release|x64.Build.0 = Release|x64
		{6C43FA12-A585-4743-80A4-FA52F6AB7852}.Release|x86.ActiveCfg = Release|Win32
		{6C43FA12-A585-4743-80A4-FA52F6AB7852}.Release|x86.Build.0 = Release|Win32
	EndGlobalSection
	GlobalSection(SolutionProperties) = preSolution
		HideSolutionNode = FALSE
	EndGlobalSection
	GlobalSection(ExtensibilityGlobals) = postSolution
		SolutionGuid = {1BF57024-05E1-4F5D-BF03-8F456286E340}
	EndGlobalSection
EndGlobal
